// !$*UTF8*$!
{
	archiveVersion = 1;
	classes = {
	};
	objectVersion = 56;
	objects = {

/* Begin PBXBuildFile section */
		FCC3976C2BDBC71200DA43D0 /* AppDelegate.swift in Sources */ = {isa = PBXBuildFile; fileRef = FCC3976B2BDBC71200DA43D0 /* AppDelegate.swift */; };
		FCC3976E2BDBC71200DA43D0 /* SceneDelegate.swift in Sources */ = {isa = PBXBuildFile; fileRef = FCC3976D2BDBC71200DA43D0 /* SceneDelegate.swift */; };
		FCC397702BDBC71200DA43D0 /* ViewController.swift in Sources */ = {isa = PBXBuildFile; fileRef = FCC3976F2BDBC71200DA43D0 /* ViewController.swift */; };
		FCC397732BDBC71200DA43D0 /* Main.storyboard in Resources */ = {isa = PBXBuildFile; fileRef = FCC397712BDBC71200DA43D0 /* Main.storyboard */; };
		FCC397752BDBC71300DA43D0 /* Assets.xcassets in Resources */ = {isa = PBXBuildFile; fileRef = FCC397742BDBC71300DA43D0 /* Assets.xcassets */; };
		FCC397782BDBC71300DA43D0 /* LaunchScreen.storyboard in Resources */ = {isa = PBXBuildFile; fileRef = FCC397762BDBC71300DA43D0 /* LaunchScreen.storyboard */; };
		FCC397812BDBC73F00DA43D0 /* SDWebImage in Frameworks */ = {isa = PBXBuildFile; productRef = FCC397802BDBC73F00DA43D0 /* SDWebImage */; };
		FCC397842BDBC88D00DA43D0 /* ImageCell.swift in Sources */ = {isa = PBXBuildFile; fileRef = FCC397822BDBC88D00DA43D0 /* ImageCell.swift */; };
		FCC397872BDBE0D300DA43D0 /* ImageCell.xib in Resources */ = {isa = PBXBuildFile; fileRef = FCC397862BDBE0D300DA43D0 /* ImageCell.xib */; };
		FCC3978D2BDFCF5900DA43D0 /* MyImageCell.xib in Resources */ = {isa = PBXBuildFile; fileRef = FCC3978C2BDFCF5900DA43D0 /* MyImageCell.xib */; };
		FCC3978F2BE115A900DA43D0 /* MyTextCell.xib in Resources */ = {isa = PBXBuildFile; fileRef = FCC3978E2BE115A900DA43D0 /* MyTextCell.xib */; };
/* End PBXBuildFile section */

/* Begin PBXFileReference section */
		FCC397682BDBC71200DA43D0 /* SDWebCV.app */ = {isa = PBXFileReference; explicitFileType = wrapper.application; includeInIndex = 0; path = SDWebCV.app; sourceTree = BUILT_PRODUCTS_DIR; };
		FCC3976B2BDBC71200DA43D0 /* AppDelegate.swift */ = {isa = PBXFileReference; lastKnownFileType = sourcecode.swift; path = AppDelegate.swift; sourceTree = "<group>"; };
		FCC3976D2BDBC71200DA43D0 /* SceneDelegate.swift */ = {isa = PBXFileReference; lastKnownFileType = sourcecode.swift; path = SceneDelegate.swift; sourceTree = "<group>"; };
		FCC3976F2BDBC71200DA43D0 /* ViewController.swift */ = {isa = PBXFileReference; lastKnownFileType = sourcecode.swift; path = ViewController.swift; sourceTree = "<group>"; };
		FCC397722BDBC71200DA43D0 /* Base */ = {isa = PBXFileReference; lastKnownFileType = file.storyboard; name = Base; path = Base.lproj/Main.storyboard; sourceTree = "<group>"; };
		FCC397742BDBC71300DA43D0 /* Assets.xcassets */ = {isa = PBXFileReference; lastKnownFileType = folder.assetcatalog; path = Assets.xcassets; sourceTree = "<group>"; };
		FCC397772BDBC71300DA43D0 /* Base */ = {isa = PBXFileReference; lastKnownFileType = file.storyboard; name = Base; path = Base.lproj/LaunchScreen.storyboard; sourceTree = "<group>"; };
		FCC397792BDBC71300DA43D0 /* Info.plist */ = {isa = PBXFileReference; lastKnownFileType = text.plist.xml; path = Info.plist; sourceTree = "<group>"; };
		FCC397822BDBC88D00DA43D0 /* ImageCell.swift */ = {isa = PBXFileReference; lastKnownFileType = sourcecode.swift; path = ImageCell.swift; sourceTree = "<group>"; };
		FCC397862BDBE0D300DA43D0 /* ImageCell.xib */ = {isa = PBXFileReference; lastKnownFileType = file.xib; path = ImageCell.xib; sourceTree = "<group>"; };
		FCC3978C2BDFCF5900DA43D0 /* MyImageCell.xib */ = {isa = PBXFileReference; fileEncoding = 4; lastKnownFileType = file.xib; path = MyImageCell.xib; sourceTree = "<group>"; };
		FCC3978E2BE115A900DA43D0 /* MyTextCell.xib */ = {isa = PBXFileReference; lastKnownFileType = file.xib; path = MyTextCell.xib; sourceTree = "<group>"; };
/* End PBXFileReference section */

/* Begin PBXFrameworksBuildPhase section */
		FCC397652BDBC71200DA43D0 /* Frameworks */ = {
			isa = PBXFrameworksBuildPhase;
			buildActionMask = 2147483647;
			files = (
				FCC397812BDBC73F00DA43D0 /* SDWebImage in Frameworks */,
			);
			runOnlyForDeploymentPostprocessing = 0;
		};
/* End PBXFrameworksBuildPhase section */

/* Begin PBXGroup section */
		FCC3975F2BDBC71200DA43D0 = {
			isa = PBXGroup;
			children = (
				FCC3976A2BDBC71200DA43D0 /* SDWebCV */,
				FCC397692BDBC71200DA43D0 /* Products */,
			);
			sourceTree = "<group>";
		};
		FCC397692BDBC71200DA43D0 /* Products */ = {
			isa = PBXGroup;
			children = (
				FCC397682BDBC71200DA43D0 /* SDWebCV.app */,
			);
			name = Products;
			sourceTree = "<group>";
		};
		FCC3976A2BDBC71200DA43D0 /* SDWebCV */ = {
			isa = PBXGroup;
			children = (
				FCC3976B2BDBC71200DA43D0 /* AppDelegate.swift */,
				FCC3976D2BDBC71200DA43D0 /* SceneDelegate.swift */,
				FCC3976F2BDBC71200DA43D0 /* ViewController.swift */,
				FCC397822BDBC88D00DA43D0 /* ImageCell.swift */,
				FCC397862BDBE0D300DA43D0 /* ImageCell.xib */,
				FCC3978C2BDFCF5900DA43D0 /* MyImageCell.xib */,
				FCC3978E2BE115A900DA43D0 /* MyTextCell.xib */,
				FCC397712BDBC71200DA43D0 /* Main.storyboard */,
				FCC397742BDBC71300DA43D0 /* Assets.xcassets */,
				FCC397762BDBC71300DA43D0 /* LaunchScreen.storyboard */,
				FCC397792BDBC71300DA43D0 /* Info.plist */,
			);
			path = SDWebCV;
			sourceTree = "<group>";
		};
/* End PBXGroup section */

/* Begin PBXNativeTarget section */
		FCC397672BDBC71200DA43D0 /* SDWebCV */ = {
			isa = PBXNativeTarget;
			buildConfigurationList = FCC3977C2BDBC71300DA43D0 /* Build configuration list for PBXNativeTarget "SDWebCV" */;
			buildPhases = (
				FCC397642BDBC71200DA43D0 /* Sources */,
				FCC397652BDBC71200DA43D0 /* Frameworks */,
				FCC397662BDBC71200DA43D0 /* Resources */,
			);
			buildRules = (
			);
			dependencies = (
			);
			name = SDWebCV;
			packageProductDependencies = (
				FCC397802BDBC73F00DA43D0 /* SDWebImage */,
			);
			productName = SDWebCV;
			productReference = FCC397682BDBC71200DA43D0 /* SDWebCV.app */;
			productType = "com.apple.product-type.application";
		};
/* End PBXNativeTarget section */

/* Begin PBXProject section */
		FCC397602BDBC71200DA43D0 /* Project object */ = {
			isa = PBXProject;
			attributes = {
				BuildIndependentTargetsInParallel = 1;
				LastSwiftUpdateCheck = 1500;
				LastUpgradeCheck = 1500;
				TargetAttributes = {
					FCC397672BDBC71200DA43D0 = {
						CreatedOnToolsVersion = 15.0;
					};
				};
			};
			buildConfigurationList = FCC397632BDBC71200DA43D0 /* Build configuration list for PBXProject "SDWebCV" */;
			compatibilityVersion = "Xcode 14.0";
			developmentRegion = en;
			hasScannedForEncodings = 0;
			knownRegions = (
				en,
				Base,
			);
			mainGroup = FCC3975F2BDBC71200DA43D0;
			packageReferences = (
				FCC3977F2BDBC73F00DA43D0 /* XCRemoteSwiftPackageReference "SDWebImage" */,
			);
			productRefGroup = FCC397692BDBC71200DA43D0 /* Products */;
			projectDirPath = "";
			projectRoot = "";
			targets = (
				FCC397672BDBC71200DA43D0 /* SDWebCV */,
			);
		};
/* End PBXProject section */

/* Begin PBXResourcesBuildPhase section */
		FCC397662BDBC71200DA43D0 /* Resources */ = {
			isa = PBXResourcesBuildPhase;
			buildActionMask = 2147483647;
			files = (
				FCC3978D2BDFCF5900DA43D0 /* MyImageCell.xib in Resources */,
				FCC397872BDBE0D300DA43D0 /* ImageCell.xib in Resources */,
				FCC397782BDBC71300DA43D0 /* LaunchScreen.storyboard in Resources */,
				FCC397752BDBC71300DA43D0 /* Assets.xcassets in Resources */,
				FCC3978F2BE115A900DA43D0 /* MyTextCell.xib in Resources */,
				FCC397732BDBC71200DA43D0 /* Main.storyboard in Resources */,
			);
			runOnlyForDeploymentPostprocessing = 0;
		};
/* End PBXResourcesBuildPhase section */

/* Begin PBXSourcesBuildPhase section */
		FCC397642BDBC71200DA43D0 /* Sources */ = {
			isa = PBXSourcesBuildPhase;
			buildActionMask = 2147483647;
			files = (
				FCC397702BDBC71200DA43D0 /* ViewController.swift in Sources */,
				FCC397842BDBC88D00DA43D0 /* ImageCell.swift in Sources */,
				FCC3976C2BDBC71200DA43D0 /* AppDelegate.swift in Sources */,
				FCC3976E2BDBC71200DA43D0 /* SceneDelegate.swift in Sources */,
			);
			runOnlyForDeploymentPostprocessing = 0;
		};
/* End PBXSourcesBuildPhase section */

/* Begin PBXVariantGroup section */
		FCC397712BDBC71200DA43D0 /* Main.storyboard */ = {
			isa = PBXVariantGroup;
			children = (
				FCC397722BDBC71200DA43D0 /* Base */,
			);
			name = Main.storyboard;
			sourceTree = "<group>";
		};
		FCC397762BDBC71300DA43D0 /* LaunchScreen.storyboard */ = {
			isa = PBXVariantGroup;
			children = (
				FCC397772BDBC71300DA43D0 /* Base */,
			);
			name = LaunchScreen.storyboard;
			sourceTree = "<group>";
		};
/* End PBXVariantGroup section */

/* Begin XCBuildConfiguration section */
		FCC3977A2BDBC71300DA43D0 /* Debug */ = {
			isa = XCBuildConfiguration;
			buildSettings = {
				ALWAYS_SEARCH_USER_PATHS = NO;
				ASSETCATALOG_COMPILER_GENERATE_SWIFT_ASSET_SYMBOL_EXTENSIONS = YES;
				CLANG_ANALYZER_NONNULL = YES;
				CLANG_ANALYZER_NUMBER_OBJECT_CONVERSION = YES_AGGRESSIVE;
				CLANG_CXX_LANGUAGE_STANDARD = "gnu++20";
				CLANG_ENABLE_MODULES = YES;
				CLANG_ENABLE_OBJC_ARC = YES;
				CLANG_ENABLE_OBJC_WEAK = YES;
				CLANG_WARN_BLOCK_CAPTURE_AUTORELEASING = YES;
				CLANG_WARN_BOOL_CONVERSION = YES;
				CLANG_WARN_COMMA = YES;
				CLANG_WARN_CONSTANT_CONVERSION = YES;
				CLANG_WARN_DEPRECATED_OBJC_IMPLEMENTATIONS = YES;
				CLANG_WARN_DIRECT_OBJC_ISA_USAGE = YES_ERROR;
				CLANG_WARN_DOCUMENTATION_COMMENTS = YES;
				CLANG_WARN_EMPTY_BODY = YES;
				CLANG_WARN_ENUM_CONVERSION = YES;
				CLANG_WARN_INFINITE_RECURSION = YES;
				CLANG_WARN_INT_CONVERSION = YES;
				CLANG_WARN_NON_LITERAL_NULL_CONVERSION = YES;
				CLANG_WARN_OBJC_IMPLICIT_RETAIN_SELF = YES;
				CLANG_WARN_OBJC_LITERAL_CONVERSION = YES;
				CLANG_WARN_OBJC_ROOT_CLASS = YES_ERROR;
				CLANG_WARN_QUOTED_INCLUDE_IN_FRAMEWORK_HEADER = YES;
				CLANG_WARN_RANGE_LOOP_ANALYSIS = YES;
				CLANG_WARN_STRICT_PROTOTYPES = YES;
				CLANG_WARN_SUSPICIOUS_MOVE = YES;
				CLANG_WARN_UNGUARDED_AVAILABILITY = YES_AGGRESSIVE;
				CLANG_WARN_UNREACHABLE_CODE = YES;
				CLANG_WARN__DUPLICATE_METHOD_MATCH = YES;
				COPY_PHASE_STRIP = NO;
				DEBUG_INFORMATION_FORMAT = dwarf;
				ENABLE_STRICT_OBJC_MSGSEND = YES;
				ENABLE_TESTABILITY = YES;
				ENABLE_USER_SCRIPT_SANDBOXING = YES;
				GCC_C_LANGUAGE_STANDARD = gnu17;
				GCC_DYNAMIC_NO_PIC = NO;
				GCC_NO_COMMON_BLOCKS = YES;
				GCC_OPTIMIZATION_LEVEL = 0;
				GCC_PREPROCESSOR_DEFINITIONS = (
					"DEBUG=1",
					"$(inherited)",
				);
				GCC_WARN_64_TO_32_BIT_CONVERSION = YES;
				GCC_WARN_ABOUT_RETURN_TYPE = YES_ERROR;
				GCC_WARN_UNDECLARED_SELECTOR = YES;
				GCC_WARN_UNINITIALIZED_AUTOS = YES_AGGRESSIVE;
				GCC_WARN_UNUSED_FUNCTION = YES;
				GCC_WARN_UNUSED_VARIABLE = YES;
				IPHONEOS_DEPLOYMENT_TARGET = 17.0;
				LOCALIZATION_PREFERS_STRING_CATALOGS = YES;
				MTL_ENABLE_DEBUG_INFO = INCLUDE_SOURCE;
				MTL_FAST_MATH = YES;
				ONLY_ACTIVE_ARCH = YES;
				SDKROOT = iphoneos;
				SWIFT_ACTIVE_COMPILATION_CONDITIONS = "DEBUG $(inherited)";
				SWIFT_OPTIMIZATION_LEVEL = "-Onone";
			};
			name = Debug;
		};
		FCC3977B2BDBC71300DA43D0 /* Release */ = {
			isa = XCBuildConfiguration;
			buildSettings = {
				ALWAYS_SEARCH_USER_PATHS = NO;
				ASSETCATALOG_COMPILER_GENERATE_SWIFT_ASSET_SYMBOL_EXTENSIONS = YES;
				CLANG_ANALYZER_NONNULL = YES;
				CLANG_ANALYZER_NUMBER_OBJECT_CONVERSION = YES_AGGRESSIVE;
				CLANG_CXX_LANGUAGE_STANDARD = "gnu++20";
				CLANG_ENABLE_MODULES = YES;
				CLANG_ENABLE_OBJC_ARC = YES;
				CLANG_ENABLE_OBJC_WEAK = YES;
				CLANG_WARN_BLOCK_CAPTURE_AUTORELEASING = YES;
				CLANG_WARN_BOOL_CONVERSION = YES;
				CLANG_WARN_COMMA = YES;
				CLANG_WARN_CONSTANT_CONVERSION = YES;
				CLANG_WARN_DEPRECATED_OBJC_IMPLEMENTATIONS = YES;
				CLANG_WARN_DIRECT_OBJC_ISA_USAGE = YES_ERROR;
				CLANG_WARN_DOCUMENTATION_COMMENTS = YES;
				CLANG_WARN_EMPTY_BODY = YES;
				CLANG_WARN_ENUM_CONVERSION = YES;
				CLANG_WARN_INFINITE_RECURSION = YES;
				CLANG_WARN_INT_CONVERSION = YES;
				CLANG_WARN_NON_LITERAL_NULL_CONVERSION = YES;
				CLANG_WARN_OBJC_IMPLICIT_RETAIN_SELF = YES;
				CLANG_WARN_OBJC_LITERAL_CONVERSION = YES;
				CLANG_WARN_OBJC_ROOT_CLASS = YES_ERROR;
				CLANG_WARN_QUOTED_INCLUDE_IN_FRAMEWORK_HEADER = YES;
				CLANG_WARN_RANGE_LOOP_ANALYSIS = YES;
				CLANG_WARN_STRICT_PROTOTYPES = YES;
				CLANG_WARN_SUSPICIOUS_MOVE = YES;
				CLANG_WARN_UNGUARDED_AVAILABILITY = YES_AGGRESSIVE;
				CLANG_WARN_UNREACHABLE_CODE = YES;
				CLANG_WARN__DUPLICATE_METHOD_MATCH = YES;
				COPY_PHASE_STRIP = NO;
				DEBUG_INFORMATION_FORMAT = "dwarf-with-dsym";
				ENABLE_NS_ASSERTIONS = NO;
				ENABLE_STRICT_OBJC_MSGSEND = YES;
				ENABLE_USER_SCRIPT_SANDBOXING = YES;
				GCC_C_LANGUAGE_STANDARD = gnu17;
				GCC_NO_COMMON_BLOCKS = YES;
				GCC_WARN_64_TO_32_BIT_CONVERSION = YES;
				GCC_WARN_ABOUT_RETURN_TYPE = YES_ERROR;
				GCC_WARN_UNDECLARED_SELECTOR = YES;
				GCC_WARN_UNINITIALIZED_AUTOS = YES_AGGRESSIVE;
				GCC_WARN_UNUSED_FUNCTION = YES;
				GCC_WARN_UNUSED_VARIABLE = YES;
				IPHONEOS_DEPLOYMENT_TARGET = 17.0;
				LOCALIZATION_PREFERS_STRING_CATALOGS = YES;
				MTL_ENABLE_DEBUG_INFO = NO;
				MTL_FAST_MATH = YES;
				SDKROOT = iphoneos;
				SWIFT_COMPILATION_MODE = wholemodule;
				VALIDATE_PRODUCT = YES;
			};
			name = Release;
		};
		FCC3977D2BDBC71300DA43D0 /* Debug */ = {
			isa = XCBuildConfiguration;
			buildSettings = {
				ASSETCATALOG_COMPILER_APPICON_NAME = AppIcon;
				ASSETCATALOG_COMPILER_GLOBAL_ACCENT_COLOR_NAME = AccentColor;
				CODE_SIGN_STYLE = Automatic;
				CURRENT_PROJECT_VERSION = 1;
				GENERATE_INFOPLIST_FILE = YES;
				INFOPLIST_FILE = SDWebCV/Info.plist;
				INFOPLIST_KEY_UIApplicationSupportsIndirectInputEvents = YES;
				INFOPLIST_KEY_UILaunchStoryboardName = LaunchScreen;
				INFOPLIST_KEY_UIMainStoryboardFile = Main;
				INFOPLIST_KEY_UISupportedInterfaceOrientations_iPad = "UIInterfaceOrientationPortrait UIInterfaceOrientationPortraitUpsideDown UIInterfaceOrientationLandscapeLeft UIInterfaceOrientationLandscapeRight";
				INFOPLIST_KEY_UISupportedInterfaceOrientations_iPhone = "UIInterfaceOrientationPortrait UIInterfaceOrientationLandscapeLeft UIInterfaceOrientationLandscapeRight";
				LD_RUNPATH_SEARCH_PATHS = (
					"$(inherited)",
					"@executable_path/Frameworks",
				);
				MARKETING_VERSION = 1.0;
				PRODUCT_BUNDLE_IDENTIFIER = com.DonMag.SDWebCV;
				PRODUCT_NAME = "$(TARGET_NAME)";
				SWIFT_EMIT_LOC_STRINGS = YES;
				SWIFT_VERSION = 5.0;
				TARGETED_DEVICE_FAMILY = "1,2";
			};
			name = Debug;
		};
		FCC3977E2BDBC71300DA43D0 /* Release */ = {
			isa = XCBuildConfiguration;
			buildSettings = {
				ASSETCATALOG_COMPILER_APPICON_NAME = AppIcon;
				ASSETCATALOG_COMPILER_GLOBAL_ACCENT_COLOR_NAME = AccentColor;
				CODE_SIGN_STYLE = Automatic;
				CURRENT_PROJECT_VERSION = 1;
				GENERATE_INFOPLIST_FILE = YES;
				INFOPLIST_FILE = SDWebCV/Info.plist;
				INFOPLIST_KEY_UIApplicationSupportsIndirectInputEvents = YES;
				INFOPLIST_KEY_UILaunchStoryboardName = LaunchScreen;
				INFOPLIST_KEY_UIMainStoryboardFile = Main;
				INFOPLIST_KEY_UISupportedInterfaceOrientations_iPad = "UIInterfaceOrientationPortrait UIInterfaceOrientationPortraitUpsideDown UIInterfaceOrientationLandscapeLeft UIInterfaceOrientationLandscapeRight";
				INFOPLIST_KEY_UISupportedInterfaceOrientations_iPhone = "UIInterfaceOrientationPortrait UIInterfaceOrientationLandscapeLeft UIInterfaceOrientationLandscapeRight";
				LD_RUNPATH_SEARCH_PATHS = (
					"$(inherited)",
					"@executable_path/Frameworks",
				);
				MARKETING_VERSION = 1.0;
				PRODUCT_BUNDLE_IDENTIFIER = com.DonMag.SDWebCV;
				PRODUCT_NAME = "$(TARGET_NAME)";
				SWIFT_EMIT_LOC_STRINGS = YES;
				SWIFT_VERSION = 5.0;
				TARGETED_DEVICE_FAMILY = "1,2";
			};
			name = Release;
		};
/* End XCBuildConfiguration section */

/* Begin XCConfigurationList section */
		FCC397632BDBC71200DA43D0 /* Build configuration list for PBXProject "SDWebCV" */ = {
			isa = XCConfigurationList;
			buildConfigurations = (
				FCC3977A2BDBC71300DA43D0 /* Debug */,
				FCC3977B2BDBC71300DA43D0 /* Release */,
			);
			defaultConfigurationIsVisible = 0;
			defaultConfigurationName = Release;
		};
		FCC3977C2BDBC71300DA43D0 /* Build configuration list for PBXNativeTarget "SDWebCV" */ = {
			isa = XCConfigurationList;
			buildConfigurations = (
				FCC3977D2BDBC71300DA43D0 /* Debug */,
				FCC3977E2BDBC71300DA43D0 /* Release */,
			);
			defaultConfigurationIsVisible = 0;
			defaultConfigurationName = Release;
		};
/* End XCConfigurationList section */

/* Begin XCRemoteSwiftPackageReference section */
		FCC3977F2BDBC73F00DA43D0 /* XCRemoteSwiftPackageReference "SDWebImage" */ = {
			isa = XCRemoteSwiftPackageReference;
			repositoryURL = "https://github.com/SDWebImage/SDWebImage";
			requirement = {
				kind = upToNextMajorVersion;
				minimumVersion = 5.19.1;
			};
		};
/* End XCRemoteSwiftPackageReference section */

/* Begin XCSwiftPackageProductDependency section */
		FCC397802BDBC73F00DA43D0 /* SDWebImage */ = {
			isa = XCSwiftPackageProductDependency;
			package = FCC3977F2BDBC73F00DA43D0 /* XCRemoteSwiftPackageReference "SDWebImage" */;
			productName = SDWebImage;
		};
/* End XCSwiftPackageProductDependency section */
	};
	rootObject = FCC397602BDBC71200DA43D0 /* Project object */;
}
